// !$*UTF8*$!
{
	archiveVersion = 1;
	classes = {
	};
	objectVersion = 50;
	objects = {

/* Begin PBXBuildFile section */
		811718E12215F19A0052CDA9 /* AppDelegate.swift in Sources */ = {isa = PBXBuildFile; fileRef = 811718E02215F19A0052CDA9 /* AppDelegate.swift */; };
		811718E32215F19A0052CDA9 /* ViewController.swift in Sources */ = {isa = PBXBuildFile; fileRef = 811718E22215F19A0052CDA9 /* ViewController.swift */; };
		811718E62215F19A0052CDA9 /* Main.storyboard in Resources */ = {isa = PBXBuildFile; fileRef = 811718E42215F19A0052CDA9 /* Main.storyboard */; };
		811718E82215F19B0052CDA9 /* Assets.xcassets in Resources */ = {isa = PBXBuildFile; fileRef = 811718E72215F19B0052CDA9 /* Assets.xcassets */; };
		811718EB2215F19B0052CDA9 /* LaunchScreen.storyboard in Resources */ = {isa = PBXBuildFile; fileRef = 811718E92215F19B0052CDA9 /* LaunchScreen.storyboard */; };
		811718F62215F19C0052CDA9 /* TumblrTests.swift in Sources */ = {isa = PBXBuildFile; fileRef = 811718F52215F19C0052CDA9 /* TumblrTests.swift */; };
		811719012215F19C0052CDA9 /* TumblrUITests.swift in Sources */ = {isa = PBXBuildFile; fileRef = 811719002215F19C0052CDA9 /* TumblrUITests.swift */; };
/* End PBXBuildFile section */

/* Begin PBXContainerItemProxy section */
		811718F22215F19C0052CDA9 /* PBXContainerItemProxy */ = {
			isa = PBXContainerItemProxy;
			containerPortal = 811718D52215F19A0052CDA9 /* Project object */;
			proxyType = 1;
			remoteGlobalIDString = 811718DC2215F19A0052CDA9;
			remoteInfo = Tumblr;
		};
		811718FD2215F19C0052CDA9 /* PBXContainerItemProxy */ = {
			isa = PBXContainerItemProxy;
			containerPortal = 811718D52215F19A0052CDA9 /* Project object */;
			proxyType = 1;
			remoteGlobalIDString = 811718DC2215F19A0052CDA9;
			remoteInfo = Tumblr;
		};
/* End PBXContainerItemProxy section */

/* Begin PBXFileReference section */
		811718DD2215F19A0052CDA9 /* Tumblr.app */ = {isa = PBXFileReference; explicitFileType = wrapper.application; includeInIndex = 0; path = Tumblr.app; sourceTree = BUILT_PRODUCTS_DIR; };
		811718E02215F19A0052CDA9 /* AppDelegate.swift */ = {isa = PBXFileReference; lastKnownFileType = sourcecode.swift; path = AppDelegate.swift; sourceTree = "<group>"; };
		811718E22215F19A0052CDA9 /* ViewController.swift */ = {isa = PBXFileReference; lastKnownFileType = sourcecode.swift; path = ViewController.swift; sourceTree = "<group>"; };
		811718E52215F19A0052CDA9 /* Base */ = {isa = PBXFileReference; lastKnownFileType = file.storyboard; name = Base; path = Base.lproj/Main.storyboard; sourceTree = "<group>"; };
		811718E72215F19B0052CDA9 /* Assets.xcassets */ = {isa = PBXFileReference; lastKnownFileType = folder.assetcatalog; path = Assets.xcassets; sourceTree = "<group>"; };
		811718EA2215F19B0052CDA9 /* Base */ = {isa = PBXFileReference; lastKnownFileType = file.storyboard; name = Base; path = Base.lproj/LaunchScreen.storyboard; sourceTree = "<group>"; };
		811718EC2215F19B0052CDA9 /* Info.plist */ = {isa = PBXFileReference; lastKnownFileType = text.plist.xml; path = Info.plist; sourceTree = "<group>"; };
		811718F12215F19C0052CDA9 /* TumblrTests.xctest */ = {isa = PBXFileReference; explicitFileType = wrapper.cfbundle; includeInIndex = 0; path = TumblrTests.xctest; sourceTree = BUILT_PRODUCTS_DIR; };
		811718F52215F19C0052CDA9 /* TumblrTests.swift */ = {isa = PBXFileReference; lastKnownFileType = sourcecode.swift; path = TumblrTests.swift; sourceTree = "<group>"; };
		811718F72215F19C0052CDA9 /* Info.plist */ = {isa = PBXFileReference; lastKnownFileType = text.plist.xml; path = Info.plist; sourceTree = "<group>"; };
		811718FC2215F19C0052CDA9 /* TumblrUITests.xctest */ = {isa = PBXFileReference; explicitFileType = wrapper.cfbundle; includeInIndex = 0; path = TumblrUITests.xctest; sourceTree = BUILT_PRODUCTS_DIR; };
		811719002215F19C0052CDA9 /* TumblrUITests.swift */ = {isa = PBXFileReference; lastKnownFileType = sourcecode.swift; path = TumblrUITests.swift; sourceTree = "<group>"; };
		811719022215F19C0052CDA9 /* Info.plist */ = {isa = PBXFileReference; lastKnownFileType = text.plist.xml; path = Info.plist; sourceTree = "<group>"; };
/* End PBXFileReference section */

/* Begin PBXFrameworksBuildPhase section */
		811718DA2215F19A0052CDA9 /* Frameworks */ = {
			isa = PBXFrameworksBuildPhase;
			buildActionMask = 2147483647;
			files = (
			);
			runOnlyForDeploymentPostprocessing = 0;
		};
		811718EE2215F19C0052CDA9 /* Frameworks */ = {
			isa = PBXFrameworksBuildPhase;
			buildActionMask = 2147483647;
			files = (
			);
			runOnlyForDeploymentPostprocessing = 0;
		};
		811718F92215F19C0052CDA9 /* Frameworks */ = {
			isa = PBXFrameworksBuildPhase;
			buildActionMask = 2147483647;
			files = (
			);
			runOnlyForDeploymentPostprocessing = 0;
		};
/* End PBXFrameworksBuildPhase section */

/* Begin PBXGroup section */
		811718D42215F19A0052CDA9 = {
			isa = PBXGroup;
			children = (
				811718DF2215F19A0052CDA9 /* Tumblr */,
				811718F42215F19C0052CDA9 /* TumblrTests */,
				811718FF2215F19C0052CDA9 /* TumblrUITests */,
				811718DE2215F19A0052CDA9 /* Products */,
			);
			sourceTree = "<group>";
		};
		811718DE2215F19A0052CDA9 /* Products */ = {
			isa = PBXGroup;
			children = (
				811718DD2215F19A0052CDA9 /* Tumblr.app */,
				811718F12215F19C0052CDA9 /* TumblrTests.xctest */,
				811718FC2215F19C0052CDA9 /* TumblrUITests.xctest */,
			);
			name = Products;
			sourceTree = "<group>";
		};
		811718DF2215F19A0052CDA9 /* Tumblr */ = {
			isa = PBXGroup;
			children = (
				811718E02215F19A0052CDA9 /* AppDelegate.swift */,
				811718E22215F19A0052CDA9 /* ViewController.swift */,
				811718E42215F19A0052CDA9 /* Main.storyboard */,
				811718E72215F19B0052CDA9 /* Assets.xcassets */,
				811718E92215F19B0052CDA9 /* LaunchScreen.storyboard */,
				811718EC2215F19B0052CDA9 /* Info.plist */,
			);
			path = Tumblr;
			sourceTree = "<group>";
		};
		811718F42215F19C0052CDA9 /* TumblrTests */ = {
			isa = PBXGroup;
			children = (
				811718F52215F19C0052CDA9 /* TumblrTests.swift */,
				811718F72215F19C0052CDA9 /* Info.plist */,
			);
			path = TumblrTests;
			sourceTree = "<group>";
		};
		811718FF2215F19C0052CDA9 /* TumblrUITests */ = {
			isa = PBXGroup;
			children = (
				811719002215F19C0052CDA9 /* TumblrUITests.swift */,
				811719022215F19C0052CDA9 /* Info.plist */,
			);
			path = TumblrUITests;
			sourceTree = "<group>";
		};
/* End PBXGroup section */

/* Begin PBXNativeTarget section */
		811718DC2215F19A0052CDA9 /* Tumblr */ = {
			isa = PBXNativeTarget;
			buildConfigurationList = 811719052215F19C0052CDA9 /* Build configuration list for PBXNativeTarget "Tumblr" */;
			buildPhases = (
				811718D92215F19A0052CDA9 /* Sources */,
				811718DA2215F19A0052CDA9 /* Frameworks */,
				811718DB2215F19A0052CDA9 /* Resources */,
			);
			buildRules = (
			);
			dependencies = (
			);
			name = Tumblr;
			productName = Tumblr;
			productReference = 811718DD2215F19A0052CDA9 /* Tumblr.app */;
			productType = "com.apple.product-type.application";
		};
		811718F02215F19C0052CDA9 /* TumblrTests */ = {
			isa = PBXNativeTarget;
			buildConfigurationList = 811719082215F19C0052CDA9 /* Build configuration list for PBXNativeTarget "TumblrTests" */;
			buildPhases = (
				811718ED2215F19C0052CDA9 /* Sources */,
				811718EE2215F19C0052CDA9 /* Frameworks */,
				811718EF2215F19C0052CDA9 /* Resources */,
			);
			buildRules = (
			);
			dependencies = (
				811718F32215F19C0052CDA9 /* PBXTargetDependency */,
			);
			name = TumblrTests;
			productName = TumblrTests;
			productReference = 811718F12215F19C0052CDA9 /* TumblrTests.xctest */;
			productType = "com.apple.product-type.bundle.unit-test";
		};
		811718FB2215F19C0052CDA9 /* TumblrUITests */ = {
			isa = PBXNativeTarget;
			buildConfigurationList = 8117190B2215F19C0052CDA9 /* Build configuration list for PBXNativeTarget "TumblrUITests" */;
			buildPhases = (
				811718F82215F19C0052CDA9 /* Sources */,
				811718F92215F19C0052CDA9 /* Frameworks */,
				811718FA2215F19C0052CDA9 /* Resources */,
			);
			buildRules = (
			);
			dependencies = (
				811718FE2215F19C0052CDA9 /* PBXTargetDependency */,
			);
			name = TumblrUITests;
			productName = TumblrUITests;
			productReference = 811718FC2215F19C0052CDA9 /* TumblrUITests.xctest */;
			productType = "com.apple.product-type.bundle.ui-testing";
		};
/* End PBXNativeTarget section */

/* Begin PBXProject section */
		811718D52215F19A0052CDA9 /* Project object */ = {
			isa = PBXProject;
			attributes = {
				LastSwiftUpdateCheck = 1010;
				LastUpgradeCheck = 1010;
				ORGANIZATIONNAME = "Monali Chuatico";
				TargetAttributes = {
					811718DC2215F19A0052CDA9 = {
						CreatedOnToolsVersion = 10.1;
					};
					811718F02215F19C0052CDA9 = {
						CreatedOnToolsVersion = 10.1;
						TestTargetID = 811718DC2215F19A0052CDA9;
					};
					811718FB2215F19C0052CDA9 = {
						CreatedOnToolsVersion = 10.1;
						TestTargetID = 811718DC2215F19A0052CDA9;
					};
				};
			};
			buildConfigurationList = 811718D82215F19A0052CDA9 /* Build configuration list for PBXProject "Tumblr" */;
			compatibilityVersion = "Xcode 9.3";
			developmentRegion = en;
			hasScannedForEncodings = 0;
			knownRegions = (
				en,
				Base,
			);
			mainGroup = 811718D42215F19A0052CDA9;
			productRefGroup = 811718DE2215F19A0052CDA9 /* Products */;
			projectDirPath = "";
			projectRoot = "";
			targets = (
				811718DC2215F19A0052CDA9 /* Tumblr */,
				811718F02215F19C0052CDA9 /* TumblrTests */,
				811718FB2215F19C0052CDA9 /* TumblrUITests */,
			);
		};
/* End PBXProject section */

/* Begin PBXResourcesBuildPhase section */
		811718DB2215F19A0052CDA9 /* Resources */ = {
			isa = PBXResourcesBuildPhase;
			buildActionMask = 2147483647;
			files = (
				811718EB2215F19B0052CDA9 /* LaunchScreen.storyboard in Resources */,
				811718E82215F19B0052CDA9 /* Assets.xcassets in Resources */,
				811718E62215F19A0052CDA9 /* Main.storyboard in Resources */,
			);
			runOnlyForDeploymentPostprocessing = 0;
		};
		811718EF2215F19C0052CDA9 /* Resources */ = {
			isa = PBXResourcesBuildPhase;
			buildActionMask = 2147483647;
			files = (
			);
			runOnlyForDeploymentPostprocessing = 0;
		};
		811718FA2215F19C0052CDA9 /* Resources */ = {
			isa = PBXResourcesBuildPhase;
			buildActionMask = 2147483647;
			files = (
			);
			runOnlyForDeploymentPostprocessing = 0;
		};
/* End PBXResourcesBuildPhase section */

/* Begin PBXSourcesBuildPhase section */
		811718D92215F19A0052CDA9 /* Sources */ = {
			isa = PBXSourcesBuildPhase;
			buildActionMask = 2147483647;
			files = (
				811718E32215F19A0052CDA9 /* ViewController.swift in Sources */,
				811718E12215F19A0052CDA9 /* AppDelegate.swift in Sources */,
			);
			runOnlyForDeploymentPostprocessing = 0;
		};
		811718ED2215F19C0052CDA9 /* Sources */ = {
			isa = PBXSourcesBuildPhase;
			buildActionMask = 2147483647;
			files = (
				811718F62215F19C0052CDA9 /* TumblrTests.swift in Sources */,
			);
			runOnlyForDeploymentPostprocessing = 0;
		};
		811718F82215F19C0052CDA9 /* Sources */ = {
			isa = PBXSourcesBuildPhase;
			buildActionMask = 2147483647;
			files = (
				811719012215F19C0052CDA9 /* TumblrUITests.swift in Sources */,
			);
			runOnlyForDeploymentPostprocessing = 0;
		};
/* End PBXSourcesBuildPhase section */

/* Begin PBXTargetDependency section */
		811718F32215F19C0052CDA9 /* PBXTargetDependency */ = {
			isa = PBXTargetDependency;
			target = 811718DC2215F19A0052CDA9 /* Tumblr */;
			targetProxy = 811718F22215F19C0052CDA9 /* PBXContainerItemProxy */;
		};
		811718FE2215F19C0052CDA9 /* PBXTargetDependency */ = {
			isa = PBXTargetDependency;
			target = 811718DC2215F19A0052CDA9 /* Tumblr */;
			targetProxy = 811718FD2215F19C0052CDA9 /* PBXContainerItemProxy */;
		};
/* End PBXTargetDependency section */

/* Begin PBXVariantGroup section */
		811718E42215F19A0052CDA9 /* Main.storyboard */ = {
			isa = PBXVariantGroup;
			children = (
				811718E52215F19A0052CDA9 /* Base */,
			);
			name = Main.storyboard;
			sourceTree = "<group>";
		};
		811718E92215F19B0052CDA9 /* LaunchScreen.storyboard */ = {
			isa = PBXVariantGroup;
			children = (
				811718EA2215F19B0052CDA9 /* Base */,
			);
			name = LaunchScreen.storyboard;
			sourceTree = "<group>";
		};
/* End PBXVariantGroup section */

/* Begin XCBuildConfiguration section */
		811719032215F19C0052CDA9 /* Debug */ = {
			isa = XCBuildConfiguration;
			buildSettings = {
				ALWAYS_SEARCH_USER_PATHS = NO;
				CLANG_ANALYZER_NONNULL = YES;
				CLANG_ANALYZER_NUMBER_OBJECT_CONVERSION = YES_AGGRESSIVE;
				CLANG_CXX_LANGUAGE_STANDARD = "gnu++14";
				CLANG_CXX_LIBRARY = "libc++";
				CLANG_ENABLE_MODULES = YES;
				CLANG_ENABLE_OBJC_ARC = YES;
				CLANG_ENABLE_OBJC_WEAK = YES;
				CLANG_WARN_BLOCK_CAPTURE_AUTORELEASING = YES;
				CLANG_WARN_BOOL_CONVERSION = YES;
				CLANG_WARN_COMMA = YES;
				CLANG_WARN_CONSTANT_CONVERSION = YES;
				CLANG_WARN_DEPRECATED_OBJC_IMPLEMENTATIONS = YES;
				CLANG_WARN_DIRECT_OBJC_ISA_USAGE = YES_ERROR;
				CLANG_WARN_DOCUMENTATION_COMMENTS = YES;
				CLANG_WARN_EMPTY_BODY = YES;
				CLANG_WARN_ENUM_CONVERSION = YES;
				CLANG_WARN_INFINITE_RECURSION = YES;
				CLANG_WARN_INT_CONVERSION = YES;
				CLANG_WARN_NON_LITERAL_NULL_CONVERSION = YES;
				CLANG_WARN_OBJC_IMPLICIT_RETAIN_SELF = YES;
				CLANG_WARN_OBJC_LITERAL_CONVERSION = YES;
				CLANG_WARN_OBJC_ROOT_CLASS = YES_ERROR;
				CLANG_WARN_RANGE_LOOP_ANALYSIS = YES;
				CLANG_WARN_STRICT_PROTOTYPES = YES;
				CLANG_WARN_SUSPICIOUS_MOVE = YES;
				CLANG_WARN_UNGUARDED_AVAILABILITY = YES_AGGRESSIVE;
				CLANG_WARN_UNREACHABLE_CODE = YES;
				CLANG_WARN__DUPLICATE_METHOD_MATCH = YES;
				CODE_SIGN_IDENTITY = "iPhone Developer";
				COPY_PHASE_STRIP = NO;
				DEBUG_INFORMATION_FORMAT = dwarf;
				ENABLE_STRICT_OBJC_MSGSEND = YES;
				ENABLE_TESTABILITY = YES;
				GCC_C_LANGUAGE_STANDARD = gnu11;
				GCC_DYNAMIC_NO_PIC = NO;
				GCC_NO_COMMON_BLOCKS = YES;
				GCC_OPTIMIZATION_LEVEL = 0;
				GCC_PREPROCESSOR_DEFINITIONS = (
					"DEBUG=1",
					"$(inherited)",
				);
				GCC_WARN_64_TO_32_BIT_CONVERSION = YES;
				GCC_WARN_ABOUT_RETURN_TYPE = YES_ERROR;
				GCC_WARN_UNDECLARED_SELECTOR = YES;
				GCC_WARN_UNINITIALIZED_AUTOS = YES_AGGRESSIVE;
				GCC_WARN_UNUSED_FUNCTION = YES;
				GCC_WARN_UNUSED_VARIABLE = YES;
				IPHONEOS_DEPLOYMENT_TARGET = 12.1;
				MTL_ENABLE_DEBUG_INFO = INCLUDE_SOURCE;
				MTL_FAST_MATH = YES;
				ONLY_ACTIVE_ARCH = YES;
				SDKROOT = iphoneos;
				SWIFT_ACTIVE_COMPILATION_CONDITIONS = DEBUG;
				SWIFT_OPTIMIZATION_LEVEL = "-Onone";
			};
			name = Debug;
		};
		811719042215F19C0052CDA9 /* Release */ = {
			isa = XCBuildConfiguration;
			buildSettings = {
				ALWAYS_SEARCH_USER_PATHS = NO;
				CLANG_ANALYZER_NONNULL = YES;
				CLANG_ANALYZER_NUMBER_OBJECT_CONVERSION = YES_AGGRESSIVE;
				CLANG_CXX_LANGUAGE_STANDARD = "gnu++14";
				CLANG_CXX_LIBRARY = "libc++";
				CLANG_ENABLE_MODULES = YES;
				CLANG_ENABLE_OBJC_ARC = YES;
				CLANG_ENABLE_OBJC_WEAK = YES;
				CLANG_WARN_BLOCK_CAPTURE_AUTORELEASING = YES;
				CLANG_WARN_BOOL_CONVERSION = YES;
				CLANG_WARN_COMMA = YES;
				CLANG_WARN_CONSTANT_CONVERSION = YES;
				CLANG_WARN_DEPRECATED_OBJC_IMPLEMENTATIONS = YES;
				CLANG_WARN_DIRECT_OBJC_ISA_USAGE = YES_ERROR;
				CLANG_WARN_DOCUMENTATION_COMMENTS = YES;
				CLANG_WARN_EMPTY_BODY = YES;
				CLANG_WARN_ENUM_CONVERSION = YES;
				CLANG_WARN_INFINITE_RECURSION = YES;
				CLANG_WARN_INT_CONVERSION = YES;
				CLANG_WARN_NON_LITERAL_NULL_CONVERSION = YES;
				CLANG_WARN_OBJC_IMPLICIT_RETAIN_SELF = YES;
				CLANG_WARN_OBJC_LITERAL_CONVERSION = YES;
				CLANG_WARN_OBJC_ROOT_CLASS = YES_ERROR;
				CLANG_WARN_RANGE_LOOP_ANALYSIS = YES;
				CLANG_WARN_STRICT_PROTOTYPES = YES;
				CLANG_WARN_SUSPICIOUS_MOVE = YES;
				CLANG_WARN_UNGUARDED_AVAILABILITY = YES_AGGRESSIVE;
				CLANG_WARN_UNREACHABLE_CODE = YES;
				CLANG_WARN__DUPLICATE_METHOD_MATCH = YES;
				CODE_SIGN_IDENTITY = "iPhone Developer";
				COPY_PHASE_STRIP = NO;
				DEBUG_INFORMATION_FORMAT = "dwarf-with-dsym";
				ENABLE_NS_ASSERTIONS = NO;
				ENABLE_STRICT_OBJC_MSGSEND = YES;
				GCC_C_LANGUAGE_STANDARD = gnu11;
				GCC_NO_COMMON_BLOCKS = YES;
				GCC_WARN_64_TO_32_BIT_CONVERSION = YES;
				GCC_WARN_ABOUT_RETURN_TYPE = YES_ERROR;
				GCC_WARN_UNDECLARED_SELECTOR = YES;
				GCC_WARN_UNINITIALIZED_AUTOS = YES_AGGRESSIVE;
				GCC_WARN_UNUSED_FUNCTION = YES;
				GCC_WARN_UNUSED_VARIABLE = YES;
				IPHONEOS_DEPLOYMENT_TARGET = 12.1;
				MTL_ENABLE_DEBUG_INFO = NO;
				MTL_FAST_MATH = YES;
				SDKROOT = iphoneos;
				SWIFT_COMPILATION_MODE = wholemodule;
				SWIFT_OPTIMIZATION_LEVEL = "-O";
				VALIDATE_PRODUCT = YES;
			};
			name = Release;
		};
		811719062215F19C0052CDA9 /* Debug */ = {
			isa = XCBuildConfiguration;
			buildSettings = {
				ASSETCATALOG_COMPILER_APPICON_NAME = AppIcon;
				CODE_SIGN_STYLE = Automatic;
				INFOPLIST_FILE = Tumblr/Info.plist;
				LD_RUNPATH_SEARCH_PATHS = (
					"$(inherited)",
					"@executable_path/Frameworks",
				);
				PRODUCT_BUNDLE_IDENTIFIER = com.monalimirel.Tumblr;
				PRODUCT_NAME = "$(TARGET_NAME)";
				SWIFT_VERSION = 4.2;
				TARGETED_DEVICE_FAMILY = "1,2";
			};
			name = Debug;
		};
		811719072215F19C0052CDA9 /* Release */ = {
			isa = XCBuildConfiguration;
			buildSettings = {
				ASSETCATALOG_COMPILER_APPICON_NAME = AppIcon;
				CODE_SIGN_STYLE = Automatic;
				INFOPLIST_FILE = Tumblr/Info.plist;
				LD_RUNPATH_SEARCH_PATHS = (
					"$(inherited)",
					"@executable_path/Frameworks",
				);
				PRODUCT_BUNDLE_IDENTIFIER = com.monalimirel.Tumblr;
				PRODUCT_NAME = "$(TARGET_NAME)";
				SWIFT_VERSION = 4.2;
				TARGETED_DEVICE_FAMILY = "1,2";
			};
			name = Release;
		};
		811719092215F19C0052CDA9 /* Debug */ = {
			isa = XCBuildConfiguration;
			buildSettings = {
				ALWAYS_EMBED_SWIFT_STANDARD_LIBRARIES = YES;
				BUNDLE_LOADER = "$(TEST_HOST)";
				CODE_SIGN_STYLE = Automatic;
				INFOPLIST_FILE = TumblrTests/Info.plist;
				LD_RUNPATH_SEARCH_PATHS = (
					"$(inherited)",
					"@executable_path/Frameworks",
					"@loader_path/Frameworks",
				);
				PRODUCT_BUNDLE_IDENTIFIER = com.monalimirel.TumblrTests;
				PRODUCT_NAME = "$(TARGET_NAME)";
				SWIFT_VERSION = 4.2;
				TARGETED_DEVICE_FAMILY = "1,2";
				TEST_HOST = "$(BUILT_PRODUCTS_DIR)/Tumblr.app/Tumblr";
			};
			name = Debug;
		};
		8117190A2215F19C0052CDA9 /* Release */ = {
			isa = XCBuildConfiguration;
			buildSettings = {
				ALWAYS_EMBED_SWIFT_STANDARD_LIBRARIES = YES;
				BUNDLE_LOADER = "$(TEST_HOST)";
				CODE_SIGN_STYLE = Automatic;
				INFOPLIST_FILE = TumblrTests/Info.plist;
				LD_RUNPATH_SEARCH_PATHS = (
					"$(inherited)",
					"@executable_path/Frameworks",
					"@loader_path/Frameworks",
				);
				PRODUCT_BUNDLE_IDENTIFIER = com.monalimirel.TumblrTests;
				PRODUCT_NAME = "$(TARGET_NAME)";
				SWIFT_VERSION = 4.2;
				TARGETED_DEVICE_FAMILY = "1,2";
				TEST_HOST = "$(BUILT_PRODUCTS_DIR)/Tumblr.app/Tumblr";
			};
			name = Release;
		};
		8117190C2215F19C0052CDA9 /* Debug */ = {
			isa = XCBuildConfiguration;
			buildSettings = {
				ALWAYS_EMBED_SWIFT_STANDARD_LIBRARIES = YES;
				CODE_SIGN_STYLE = Automatic;
				INFOPLIST_FILE = TumblrUITests/Info.plist;
				LD_RUNPATH_SEARCH_PATHS = (
					"$(inherited)",
					"@executable_path/Frameworks",
					"@loader_path/Frameworks",
				);
				PRODUCT_BUNDLE_IDENTIFIER = com.monalimirel.TumblrUITests;
				PRODUCT_NAME = "$(TARGET_NAME)";
				SWIFT_VERSION = 4.2;
				TARGETED_DEVICE_FAMILY = "1,2";
				TEST_TARGET_NAME = Tumblr;
			};
			name = Debug;
		};
		8117190D2215F19C0052CDA9 /* Release */ = {
			isa = XCBuildConfiguration;
			buildSettings = {
				ALWAYS_EMBED_SWIFT_STANDARD_LIBRARIES = YES;
				CODE_SIGN_STYLE = Automatic;
				INFOPLIST_FILE = TumblrUITests/Info.plist;
				LD_RUNPATH_SEARCH_PATHS = (
					"$(inherited)",
					"@executable_path/Frameworks",
					"@loader_path/Frameworks",
				);
				PRODUCT_BUNDLE_IDENTIFIER = com.monalimirel.TumblrUITests;
				PRODUCT_NAME = "$(TARGET_NAME)";
				SWIFT_VERSION = 4.2;
				TARGETED_DEVICE_FAMILY = "1,2";
				TEST_TARGET_NAME = Tumblr;
			};
			name = Release;
		};
/* End XCBuildConfiguration section */

/* Begin XCConfigurationList section */
		811718D82215F19A0052CDA9 /* Build configuration list for PBXProject "Tumblr" */ = {
			isa = XCConfigurationList;
			buildConfigurations = (
				811719032215F19C0052CDA9 /* Debug */,
				811719042215F19C0052CDA9 /* Release */,
			);
			defaultConfigurationIsVisible = 0;
			defaultConfigurationName = Release;
		};
		811719052215F19C0052CDA9 /* Build configuration list for PBXNativeTarget "Tumblr" */ = {
			isa = XCConfigurationList;
			buildConfigurations = (
				811719062215F19C0052CDA9 /* Debug */,
				811719072215F19C0052CDA9 /* Release */,
			);
			defaultConfigurationIsVisible = 0;
			defaultConfigurationName = Release;
		};
		811719082215F19C0052CDA9 /* Build configuration list for PBXNativeTarget "TumblrTests" */ = {
			isa = XCConfigurationList;
			buildConfigurations = (
				811719092215F19C0052CDA9 /* Debug */,
				8117190A2215F19C0052CDA9 /* Release */,
			);
			defaultConfigurationIsVisible = 0;
			defaultConfigurationName = Release;
		};
		8117190B2215F19C0052CDA9 /* Build configuration list for PBXNativeTarget "TumblrUITests" */ = {
			isa = XCConfigurationList;
			buildConfigurations = (
				8117190C2215F19C0052CDA9 /* Debug */,
				8117190D2215F19C0052CDA9 /* Release */,
			);
			defaultConfigurationIsVisible = 0;
			defaultConfigurationName = Release;
		};
/* End XCConfigurationList section */
	};
	rootObject = 811718D52215F19A0052CDA9 /* Project object */;
}
